// !$*UTF8*$!
{
	archiveVersion = 1;
	classes = {
	};
	objectVersion = 46;
	objects = {

/* Begin PBXBuildFile section */
		414829A21B9FE66B000D0113 /* AppDelegate.swift in Sources */ = {isa = PBXBuildFile; fileRef = 414829A11B9FE66B000D0113 /* AppDelegate.swift */; };
		414829A61B9FE66B000D0113 /* GameScene.swift in Sources */ = {isa = PBXBuildFile; fileRef = 414829A51B9FE66B000D0113 /* GameScene.swift */; };
		414829A81B9FE66B000D0113 /* GameViewController.swift in Sources */ = {isa = PBXBuildFile; fileRef = 414829A71B9FE66B000D0113 /* GameViewController.swift */; };
		414829AB1B9FE66B000D0113 /* Main.storyboard in Resources */ = {isa = PBXBuildFile; fileRef = 414829A91B9FE66B000D0113 /* Main.storyboard */; };
		414829AD1B9FE66B000D0113 /* Images.xcassets in Resources */ = {isa = PBXBuildFile; fileRef = 414829AC1B9FE66B000D0113 /* Images.xcassets */; };
		414829B01B9FE66B000D0113 /* LaunchScreen.xib in Resources */ = {isa = PBXBuildFile; fileRef = 414829AE1B9FE66B000D0113 /* LaunchScreen.xib */; };
		414829BC1B9FE66B000D0113 /* Pierre_Penguin_Escapes_the_AntarcticTests.swift in Sources */ = {isa = PBXBuildFile; fileRef = 414829BB1B9FE66B000D0113 /* Pierre_Penguin_Escapes_the_AntarcticTests.swift */; };
		41696DF51BA92D8800CF7936 /* bee.atlas in Resources */ = {isa = PBXBuildFile; fileRef = 41696DF41BA92D8800CF7936 /* bee.atlas */; };
		46054E5F1C338EF400B8DDB9 /* goods.atlas in Resources */ = {isa = PBXBuildFile; fileRef = 46054E5E1C338EF400B8DDB9 /* goods.atlas */; };
		46054E611C338F2100B8DDB9 /* Star.swift in Sources */ = {isa = PBXBuildFile; fileRef = 46054E601C338F2100B8DDB9 /* Star.swift */; };
		46054E631C3390FE00B8DDB9 /* MadFly.swift in Sources */ = {isa = PBXBuildFile; fileRef = 46054E621C3390FE00B8DDB9 /* MadFly.swift */; };
		46054E651C33914800B8DDB9 /* Bat.swift in Sources */ = {isa = PBXBuildFile; fileRef = 46054E641C33914800B8DDB9 /* Bat.swift */; };
		46054E671C3391F600B8DDB9 /* Ghost.swift in Sources */ = {isa = PBXBuildFile; fileRef = 46054E661C3391F600B8DDB9 /* Ghost.swift */; };
		46054E691C33927F00B8DDB9 /* Blade.swift in Sources */ = {isa = PBXBuildFile; fileRef = 46054E681C33927F00B8DDB9 /* Blade.swift */; };
		46054E6B1C33932E00B8DDB9 /* Coin.swift in Sources */ = {isa = PBXBuildFile; fileRef = 46054E6A1C33932E00B8DDB9 /* Coin.swift */; };
		46054E6D1C33940700B8DDB9 /* enemies.atlas in Resources */ = {isa = PBXBuildFile; fileRef = 46054E6C1C33940700B8DDB9 /* enemies.atlas */; };
		46627A411C2C61B40005C09C /* GameSprite.swift in Sources */ = {isa = PBXBuildFile; fileRef = 46627A401C2C61B40005C09C /* GameSprite.swift */; };
		46627A421C2C61B40005C09C /* GameSprite.swift in Sources */ = {isa = PBXBuildFile; fileRef = 46627A401C2C61B40005C09C /* GameSprite.swift */; };
		46627A441C2C62AA0005C09C /* Bee.swift in Sources */ = {isa = PBXBuildFile; fileRef = 46627A431C2C62AA0005C09C /* Bee.swift */; };
		46627A451C2C62AA0005C09C /* Bee.swift in Sources */ = {isa = PBXBuildFile; fileRef = 46627A431C2C62AA0005C09C /* Bee.swift */; };
		46627A471C2C665C0005C09C /* ground.atlas in Resources */ = {isa = PBXBuildFile; fileRef = 46627A461C2C665C0005C09C /* ground.atlas */; };
		46627A481C2C665C0005C09C /* ground.atlas in Resources */ = {isa = PBXBuildFile; fileRef = 46627A461C2C665C0005C09C /* ground.atlas */; };
		46627A4A1C2C666C0005C09C /* Ground.swift in Sources */ = {isa = PBXBuildFile; fileRef = 46627A491C2C666C0005C09C /* Ground.swift */; };
		46627A4B1C2C666C0005C09C /* Ground.swift in Sources */ = {isa = PBXBuildFile; fileRef = 46627A491C2C666C0005C09C /* Ground.swift */; };
		46627A4D1C2C68AC0005C09C /* pierre.atlas in Resources */ = {isa = PBXBuildFile; fileRef = 46627A4C1C2C68AC0005C09C /* pierre.atlas */; };
		46627A4E1C2C68AC0005C09C /* pierre.atlas in Resources */ = {isa = PBXBuildFile; fileRef = 46627A4C1C2C68AC0005C09C /* pierre.atlas */; };
		46627A501C2C68B90005C09C /* Player.swift in Sources */ = {isa = PBXBuildFile; fileRef = 46627A4F1C2C68B90005C09C /* Player.swift */; };
/* End PBXBuildFile section */

/* Begin PBXContainerItemProxy section */
		414829B61B9FE66B000D0113 /* PBXContainerItemProxy */ = {
			isa = PBXContainerItemProxy;
			containerPortal = 414829941B9FE66B000D0113 /* Project object */;
			proxyType = 1;
			remoteGlobalIDString = 4148299B1B9FE66B000D0113;
			remoteInfo = "Pierre Penguin Escapes the Antarctic";
		};
/* End PBXContainerItemProxy section */

/* Begin PBXFileReference section */
		4148299C1B9FE66B000D0113 /* Pierre Penguin Escapes the Antarctic.app */ = {isa = PBXFileReference; explicitFileType = wrapper.application; includeInIndex = 0; path = "Pierre Penguin Escapes the Antarctic.app"; sourceTree = BUILT_PRODUCTS_DIR; };
		414829A01B9FE66B000D0113 /* Info.plist */ = {isa = PBXFileReference; lastKnownFileType = text.plist.xml; path = Info.plist; sourceTree = "<group>"; };
		414829A11B9FE66B000D0113 /* AppDelegate.swift */ = {isa = PBXFileReference; lastKnownFileType = sourcecode.swift; path = AppDelegate.swift; sourceTree = "<group>"; };
		414829A51B9FE66B000D0113 /* GameScene.swift */ = {isa = PBXFileReference; lastKnownFileType = sourcecode.swift; path = GameScene.swift; sourceTree = "<group>"; };
		414829A71B9FE66B000D0113 /* GameViewController.swift */ = {isa = PBXFileReference; lastKnownFileType = sourcecode.swift; path = GameViewController.swift; sourceTree = "<group>"; };
		414829AA1B9FE66B000D0113 /* Base */ = {isa = PBXFileReference; lastKnownFileType = file.storyboard; name = Base; path = Base.lproj/Main.storyboard; sourceTree = "<group>"; };
		414829AC1B9FE66B000D0113 /* Images.xcassets */ = {isa = PBXFileReference; lastKnownFileType = folder.assetcatalog; path = Images.xcassets; sourceTree = "<group>"; };
		414829AF1B9FE66B000D0113 /* Base */ = {isa = PBXFileReference; lastKnownFileType = file.xib; name = Base; path = Base.lproj/LaunchScreen.xib; sourceTree = "<group>"; };
		414829B51B9FE66B000D0113 /* Pierre Penguin Escapes the AntarcticTests.xctest */ = {isa = PBXFileReference; explicitFileType = wrapper.cfbundle; includeInIndex = 0; path = "Pierre Penguin Escapes the AntarcticTests.xctest"; sourceTree = BUILT_PRODUCTS_DIR; };
		414829BA1B9FE66B000D0113 /* Info.plist */ = {isa = PBXFileReference; lastKnownFileType = text.plist.xml; path = Info.plist; sourceTree = "<group>"; };
		414829BB1B9FE66B000D0113 /* Pierre_Penguin_Escapes_the_AntarcticTests.swift */ = {isa = PBXFileReference; lastKnownFileType = sourcecode.swift; path = Pierre_Penguin_Escapes_the_AntarcticTests.swift; sourceTree = "<group>"; };
		41696DF41BA92D8800CF7936 /* bee.atlas */ = {isa = PBXFileReference; lastKnownFileType = folder.skatlas; path = bee.atlas; sourceTree = "<group>"; };
		46054E5E1C338EF400B8DDB9 /* goods.atlas */ = {isa = PBXFileReference; lastKnownFileType = folder.skatlas; path = goods.atlas; sourceTree = "<group>"; };
		46054E601C338F2100B8DDB9 /* Star.swift */ = {isa = PBXFileReference; fileEncoding = 4; lastKnownFileType = sourcecode.swift; path = Star.swift; sourceTree = "<group>"; };
		46054E621C3390FE00B8DDB9 /* MadFly.swift */ = {isa = PBXFileReference; fileEncoding = 4; lastKnownFileType = sourcecode.swift; path = MadFly.swift; sourceTree = "<group>"; };
		46054E641C33914800B8DDB9 /* Bat.swift */ = {isa = PBXFileReference; fileEncoding = 4; lastKnownFileType = sourcecode.swift; path = Bat.swift; sourceTree = "<group>"; };
		46054E661C3391F600B8DDB9 /* Ghost.swift */ = {isa = PBXFileReference; fileEncoding = 4; lastKnownFileType = sourcecode.swift; path = Ghost.swift; sourceTree = "<group>"; };
		46054E681C33927F00B8DDB9 /* Blade.swift */ = {isa = PBXFileReference; fileEncoding = 4; lastKnownFileType = sourcecode.swift; path = Blade.swift; sourceTree = "<group>"; };
		46054E6A1C33932E00B8DDB9 /* Coin.swift */ = {isa = PBXFileReference; fileEncoding = 4; lastKnownFileType = sourcecode.swift; path = Coin.swift; sourceTree = "<group>"; };
		46054E6C1C33940700B8DDB9 /* enemies.atlas */ = {isa = PBXFileReference; lastKnownFileType = folder.skatlas; path = enemies.atlas; sourceTree = "<group>"; };
		46627A401C2C61B40005C09C /* GameSprite.swift */ = {isa = PBXFileReference; fileEncoding = 4; lastKnownFileType = sourcecode.swift; path = GameSprite.swift; sourceTree = "<group>"; };
		46627A431C2C62AA0005C09C /* Bee.swift */ = {isa = PBXFileReference; fileEncoding = 4; lastKnownFileType = sourcecode.swift; path = Bee.swift; sourceTree = "<group>"; };
		46627A461C2C665C0005C09C /* ground.atlas */ = {isa = PBXFileReference; lastKnownFileType = folder.skatlas; name = ground.atlas; path = bee.atlas/ground.atlas; sourceTree = "<group>"; };
		46627A491C2C666C0005C09C /* Ground.swift */ = {isa = PBXFileReference; fileEncoding = 4; lastKnownFileType = sourcecode.swift; path = Ground.swift; sourceTree = "<group>"; };
		46627A4C1C2C68AC0005C09C /* pierre.atlas */ = {isa = PBXFileReference; lastKnownFileType = folder.skatlas; path = pierre.atlas; sourceTree = "<group>"; };
		46627A4F1C2C68B90005C09C /* Player.swift */ = {isa = PBXFileReference; fileEncoding = 4; lastKnownFileType = sourcecode.swift; path = Player.swift; sourceTree = "<group>"; };
/* End PBXFileReference section */

/* Begin PBXFrameworksBuildPhase section */
		414829991B9FE66B000D0113 /* Frameworks */ = {
			isa = PBXFrameworksBuildPhase;
			buildActionMask = 2147483647;
			files = (
			);
			runOnlyForDeploymentPostprocessing = 0;
		};
		414829B21B9FE66B000D0113 /* Frameworks */ = {
			isa = PBXFrameworksBuildPhase;
			buildActionMask = 2147483647;
			files = (
			);
			runOnlyForDeploymentPostprocessing = 0;
		};
/* End PBXFrameworksBuildPhase section */

/* Begin PBXGroup section */
		414829931B9FE66B000D0113 = {
			isa = PBXGroup;
			children = (
				46054E6C1C33940700B8DDB9 /* enemies.atlas */,
				41696DF41BA92D8800CF7936 /* bee.atlas */,
				46054E5E1C338EF400B8DDB9 /* goods.atlas */,
				46627A461C2C665C0005C09C /* ground.atlas */,
				46627A4C1C2C68AC0005C09C /* pierre.atlas */,
				4148299E1B9FE66B000D0113 /* Pierre Penguin Escapes the Antarctic */,
				414829B81B9FE66B000D0113 /* Pierre Penguin Escapes the AntarcticTests */,
				4148299D1B9FE66B000D0113 /* Products */,
			);
			sourceTree = "<group>";
		};
		4148299D1B9FE66B000D0113 /* Products */ = {
			isa = PBXGroup;
			children = (
				4148299C1B9FE66B000D0113 /* Pierre Penguin Escapes the Antarctic.app */,
				414829B51B9FE66B000D0113 /* Pierre Penguin Escapes the AntarcticTests.xctest */,
			);
			name = Products;
			sourceTree = "<group>";
		};
		4148299E1B9FE66B000D0113 /* Pierre Penguin Escapes the Antarctic */ = {
			isa = PBXGroup;
			children = (
				414829A11B9FE66B000D0113 /* AppDelegate.swift */,
				46054E641C33914800B8DDB9 /* Bat.swift */,
				46627A431C2C62AA0005C09C /* Bee.swift */,
				46054E681C33927F00B8DDB9 /* Blade.swift */,
				46054E6A1C33932E00B8DDB9 /* Coin.swift */,
				414829A51B9FE66B000D0113 /* GameScene.swift */,
				46627A401C2C61B40005C09C /* GameSprite.swift */,
				414829A71B9FE66B000D0113 /* GameViewController.swift */,
				46054E661C3391F600B8DDB9 /* Ghost.swift */,
				46627A491C2C666C0005C09C /* Ground.swift */,
				46054E621C3390FE00B8DDB9 /* MadFly.swift */,
				46627A4F1C2C68B90005C09C /* Player.swift */,
				46054E601C338F2100B8DDB9 /* Star.swift */,
				414829AC1B9FE66B000D0113 /* Images.xcassets */,
				414829AE1B9FE66B000D0113 /* LaunchScreen.xib */,
				414829A91B9FE66B000D0113 /* Main.storyboard */,
				4148299F1B9FE66B000D0113 /* Supporting Files */,
			);
			path = "Pierre Penguin Escapes the Antarctic";
			sourceTree = "<group>";
		};
		4148299F1B9FE66B000D0113 /* Supporting Files */ = {
			isa = PBXGroup;
			children = (
				414829A01B9FE66B000D0113 /* Info.plist */,
			);
			name = "Supporting Files";
			sourceTree = "<group>";
		};
		414829B81B9FE66B000D0113 /* Pierre Penguin Escapes the AntarcticTests */ = {
			isa = PBXGroup;
			children = (
				414829BB1B9FE66B000D0113 /* Pierre_Penguin_Escapes_the_AntarcticTests.swift */,
				414829B91B9FE66B000D0113 /* Supporting Files */,
			);
			path = "Pierre Penguin Escapes the AntarcticTests";
			sourceTree = "<group>";
		};
		414829B91B9FE66B000D0113 /* Supporting Files */ = {
			isa = PBXGroup;
			children = (
				414829BA1B9FE66B000D0113 /* Info.plist */,
			);
			name = "Supporting Files";
			sourceTree = "<group>";
		};
/* End PBXGroup section */

/* Begin PBXNativeTarget section */
		4148299B1B9FE66B000D0113 /* Pierre Penguin Escapes the Antarctic */ = {
			isa = PBXNativeTarget;
			buildConfigurationList = 414829BF1B9FE66B000D0113 /* Build configuration list for PBXNativeTarget "Pierre Penguin Escapes the Antarctic" */;
			buildPhases = (
				414829981B9FE66B000D0113 /* Sources */,
				414829991B9FE66B000D0113 /* Frameworks */,
				4148299A1B9FE66B000D0113 /* Resources */,
			);
			buildRules = (
			);
			dependencies = (
			);
			name = "Pierre Penguin Escapes the Antarctic";
			productName = "Pierre Penguin Escapes the Antarctic";
			productReference = 4148299C1B9FE66B000D0113 /* Pierre Penguin Escapes the Antarctic.app */;
			productType = "com.apple.product-type.application";
		};
		414829B41B9FE66B000D0113 /* Pierre Penguin Escapes the AntarcticTests */ = {
			isa = PBXNativeTarget;
			buildConfigurationList = 414829C21B9FE66B000D0113 /* Build configuration list for PBXNativeTarget "Pierre Penguin Escapes the AntarcticTests" */;
			buildPhases = (
				414829B11B9FE66B000D0113 /* Sources */,
				414829B21B9FE66B000D0113 /* Frameworks */,
				414829B31B9FE66B000D0113 /* Resources */,
			);
			buildRules = (
			);
			dependencies = (
				414829B71B9FE66B000D0113 /* PBXTargetDependency */,
			);
			name = "Pierre Penguin Escapes the AntarcticTests";
			productName = "Pierre Penguin Escapes the AntarcticTests";
			productReference = 414829B51B9FE66B000D0113 /* Pierre Penguin Escapes the AntarcticTests.xctest */;
			productType = "com.apple.product-type.bundle.unit-test";
		};
/* End PBXNativeTarget section */

/* Begin PBXProject section */
		414829941B9FE66B000D0113 /* Project object */ = {
			isa = PBXProject;
			attributes = {
				LastSwiftMigration = 0720;
				LastSwiftUpdateCheck = 0720;
				LastUpgradeCheck = 0720;
				ORGANIZATIONNAME = "Philip Smith";
				TargetAttributes = {
					4148299B1B9FE66B000D0113 = {
						CreatedOnToolsVersion = 6.4;
						DevelopmentTeam = 5UJ9EQRTX9;
					};
					414829B41B9FE66B000D0113 = {
						CreatedOnToolsVersion = 6.4;
						TestTargetID = 4148299B1B9FE66B000D0113;
					};
				};
			};
			buildConfigurationList = 414829971B9FE66B000D0113 /* Build configuration list for PBXProject "Pierre Penguin Escapes the Antarctic" */;
			compatibilityVersion = "Xcode 3.2";
			developmentRegion = English;
			hasScannedForEncodings = 0;
			knownRegions = (
				en,
				Base,
			);
			mainGroup = 414829931B9FE66B000D0113;
			productRefGroup = 4148299D1B9FE66B000D0113 /* Products */;
			projectDirPath = "";
			projectRoot = "";
			targets = (
				4148299B1B9FE66B000D0113 /* Pierre Penguin Escapes the Antarctic */,
				414829B41B9FE66B000D0113 /* Pierre Penguin Escapes the AntarcticTests */,
			);
		};
/* End PBXProject section */

/* Begin PBXResourcesBuildPhase section */
		4148299A1B9FE66B000D0113 /* Resources */ = {
			isa = PBXResourcesBuildPhase;
			buildActionMask = 2147483647;
			files = (
				41696DF51BA92D8800CF7936 /* bee.atlas in Resources */,
				414829B01B9FE66B000D0113 /* LaunchScreen.xib in Resources */,
				414829AD1B9FE66B000D0113 /* Images.xcassets in Resources */,
				414829AB1B9FE66B000D0113 /* Main.storyboard in Resources */,
				46627A4D1C2C68AC0005C09C /* pierre.atlas in Resources */,
				46627A471C2C665C0005C09C /* ground.atlas in Resources */,
				46054E6D1C33940700B8DDB9 /* enemies.atlas in Resources */,
				46054E5F1C338EF400B8DDB9 /* goods.atlas in Resources */,
			);
			runOnlyForDeploymentPostprocessing = 0;
		};
		414829B31B9FE66B000D0113 /* Resources */ = {
			isa = PBXResourcesBuildPhase;
			buildActionMask = 2147483647;
			files = (
				46627A4E1C2C68AC0005C09C /* pierre.atlas in Resources */,
				46627A481C2C665C0005C09C /* ground.atlas in Resources */,
			);
			runOnlyForDeploymentPostprocessing = 0;
		};
/* End PBXResourcesBuildPhase section */

/* Begin PBXSourcesBuildPhase section */
		414829981B9FE66B000D0113 /* Sources */ = {
			isa = PBXSourcesBuildPhase;
			buildActionMask = 2147483647;
			files = (
				46627A4A1C2C666C0005C09C /* Ground.swift in Sources */,
				46627A441C2C62AA0005C09C /* Bee.swift in Sources */,
				46054E691C33927F00B8DDB9 /* Blade.swift in Sources */,
				46627A411C2C61B40005C09C /* GameSprite.swift in Sources */,
				414829A61B9FE66B000D0113 /* GameScene.swift in Sources */,
				46054E671C3391F600B8DDB9 /* Ghost.swift in Sources */,
				46627A501C2C68B90005C09C /* Player.swift in Sources */,
				46054E651C33914800B8DDB9 /* Bat.swift in Sources */,
				46054E6B1C33932E00B8DDB9 /* Coin.swift in Sources */,
				414829A81B9FE66B000D0113 /* GameViewController.swift in Sources */,
				414829A21B9FE66B000D0113 /* AppDelegate.swift in Sources */,
				46054E631C3390FE00B8DDB9 /* MadFly.swift in Sources */,
				46054E611C338F2100B8DDB9 /* Star.swift in Sources */,
			);
			runOnlyForDeploymentPostprocessing = 0;
		};
		414829B11B9FE66B000D0113 /* Sources */ = {
			isa = PBXSourcesBuildPhase;
			buildActionMask = 2147483647;
			files = (
				46627A421C2C61B40005C09C /* GameSprite.swift in Sources */,
				46627A451C2C62AA0005C09C /* Bee.swift in Sources */,
				46627A4B1C2C666C0005C09C /* Ground.swift in Sources */,
				414829BC1B9FE66B000D0113 /* Pierre_Penguin_Escapes_the_AntarcticTests.swift in Sources */,
			);
			runOnlyForDeploymentPostprocessing = 0;
		};
/* End PBXSourcesBuildPhase section */

/* Begin PBXTargetDependency section */
		414829B71B9FE66B000D0113 /* PBXTargetDependency */ = {
			isa = PBXTargetDependency;
			target = 4148299B1B9FE66B000D0113 /* Pierre Penguin Escapes the Antarctic */;
			targetProxy = 414829B61B9FE66B000D0113 /* PBXContainerItemProxy */;
		};
/* End PBXTargetDependency section */

/* Begin PBXVariantGroup section */
		414829A91B9FE66B000D0113 /* Main.storyboard */ = {
			isa = PBXVariantGroup;
			children = (
				414829AA1B9FE66B000D0113 /* Base */,
			);
			name = Main.storyboard;
			sourceTree = "<group>";
		};
		414829AE1B9FE66B000D0113 /* LaunchScreen.xib */ = {
			isa = PBXVariantGroup;
			children = (
				414829AF1B9FE66B000D0113 /* Base */,
			);
			name = LaunchScreen.xib;
			sourceTree = "<group>";
		};
/* End PBXVariantGroup section */

/* Begin XCBuildConfiguration section */
		414829BD1B9FE66B000D0113 /* Debug */ = {
			isa = XCBuildConfiguration;
			buildSettings = {
				ALWAYS_SEARCH_USER_PATHS = NO;
				CLANG_CXX_LANGUAGE_STANDARD = "gnu++0x";
				CLANG_CXX_LIBRARY = "libc++";
				CLANG_ENABLE_MODULES = YES;
				CLANG_ENABLE_OBJC_ARC = YES;
				CLANG_WARN_BOOL_CONVERSION = YES;
				CLANG_WARN_CONSTANT_CONVERSION = YES;
				CLANG_WARN_DIRECT_OBJC_ISA_USAGE = YES_ERROR;
				CLANG_WARN_EMPTY_BODY = YES;
				CLANG_WARN_ENUM_CONVERSION = YES;
				CLANG_WARN_INT_CONVERSION = YES;
				CLANG_WARN_OBJC_ROOT_CLASS = YES_ERROR;
				CLANG_WARN_UNREACHABLE_CODE = YES;
				CLANG_WARN__DUPLICATE_METHOD_MATCH = YES;
				"CODE_SIGN_IDENTITY[sdk=iphoneos*]" = "iPhone Developer";
				COPY_PHASE_STRIP = NO;
				DEBUG_INFORMATION_FORMAT = "dwarf-with-dsym";
				ENABLE_STRICT_OBJC_MSGSEND = YES;
				ENABLE_TESTABILITY = YES;
				GCC_C_LANGUAGE_STANDARD = gnu99;
				GCC_DYNAMIC_NO_PIC = NO;
				GCC_NO_COMMON_BLOCKS = YES;
				GCC_OPTIMIZATION_LEVEL = 0;
				GCC_PREPROCESSOR_DEFINITIONS = (
					"DEBUG=1",
					"$(inherited)",
				);
				GCC_SYMBOLS_PRIVATE_EXTERN = NO;
				GCC_WARN_64_TO_32_BIT_CONVERSION = YES;
				GCC_WARN_ABOUT_RETURN_TYPE = YES_ERROR;
				GCC_WARN_UNDECLARED_SELECTOR = YES;
				GCC_WARN_UNINITIALIZED_AUTOS = YES_AGGRESSIVE;
				GCC_WARN_UNUSED_FUNCTION = YES;
				GCC_WARN_UNUSED_VARIABLE = YES;
				IPHONEOS_DEPLOYMENT_TARGET = 8.4;
				MTL_ENABLE_DEBUG_INFO = YES;
				ONLY_ACTIVE_ARCH = YES;
				SDKROOT = iphoneos;
				SWIFT_OPTIMIZATION_LEVEL = "-Onone";
				TARGETED_DEVICE_FAMILY = "1,2";
			};
			name = Debug;
		};
		414829BE1B9FE66B000D0113 /* Release */ = {
			isa = XCBuildConfiguration;
			buildSettings = {
				ALWAYS_SEARCH_USER_PATHS = NO;
				CLANG_CXX_LANGUAGE_STANDARD = "gnu++0x";
				CLANG_CXX_LIBRARY = "libc++";
				CLANG_ENABLE_MODULES = YES;
				CLANG_ENABLE_OBJC_ARC = YES;
				CLANG_WARN_BOOL_CONVERSION = YES;
				CLANG_WARN_CONSTANT_CONVERSION = YES;
				CLANG_WARN_DIRECT_OBJC_ISA_USAGE = YES_ERROR;
				CLANG_WARN_EMPTY_BODY = YES;
				CLANG_WARN_ENUM_CONVERSION = YES;
				CLANG_WARN_INT_CONVERSION = YES;
				CLANG_WARN_OBJC_ROOT_CLASS = YES_ERROR;
				CLANG_WARN_UNREACHABLE_CODE = YES;
				CLANG_WARN__DUPLICATE_METHOD_MATCH = YES;
				"CODE_SIGN_IDENTITY[sdk=iphoneos*]" = "iPhone Developer";
				COPY_PHASE_STRIP = NO;
				DEBUG_INFORMATION_FORMAT = "dwarf-with-dsym";
				ENABLE_NS_ASSERTIONS = NO;
				ENABLE_STRICT_OBJC_MSGSEND = YES;
				GCC_C_LANGUAGE_STANDARD = gnu99;
				GCC_NO_COMMON_BLOCKS = YES;
				GCC_WARN_64_TO_32_BIT_CONVERSION = YES;
				GCC_WARN_ABOUT_RETURN_TYPE = YES_ERROR;
				GCC_WARN_UNDECLARED_SELECTOR = YES;
				GCC_WARN_UNINITIALIZED_AUTOS = YES_AGGRESSIVE;
				GCC_WARN_UNUSED_FUNCTION = YES;
				GCC_WARN_UNUSED_VARIABLE = YES;
				IPHONEOS_DEPLOYMENT_TARGET = 8.4;
				MTL_ENABLE_DEBUG_INFO = NO;
				SDKROOT = iphoneos;
				TARGETED_DEVICE_FAMILY = "1,2";
				VALIDATE_PRODUCT = YES;
			};
			name = Release;
		};
		414829C01B9FE66B000D0113 /* Debug */ = {
			isa = XCBuildConfiguration;
			buildSettings = {
				ASSETCATALOG_COMPILER_APPICON_NAME = AppIcon;
				CODE_SIGN_IDENTITY = "iPhone Developer";
				"CODE_SIGN_IDENTITY[sdk=iphoneos*]" = "iPhone Developer";
				INFOPLIST_FILE = "Pierre Penguin Escapes the Antarctic/Info.plist";
				LD_RUNPATH_SEARCH_PATHS = "$(inherited) @executable_path/Frameworks";
				PRODUCT_BUNDLE_IDENTIFIER = "me.pts.philipsmith.$(PRODUCT_NAME:rfc1034identifier)";
				PRODUCT_NAME = "$(TARGET_NAME)";
				PROVISIONING_PROFILE = "";
			};
			name = Debug;
		};
		414829C11B9FE66B000D0113 /* Release */ = {
			isa = XCBuildConfiguration;
			buildSettings = {
				ASSETCATALOG_COMPILER_APPICON_NAME = AppIcon;
				CODE_SIGN_IDENTITY = "iPhone Developer";
				"CODE_SIGN_IDENTITY[sdk=iphoneos*]" = "iPhone Developer";
				INFOPLIST_FILE = "Pierre Penguin Escapes the Antarctic/Info.plist";
				LD_RUNPATH_SEARCH_PATHS = "$(inherited) @executable_path/Frameworks";
				PRODUCT_BUNDLE_IDENTIFIER = "me.pts.philipsmith.$(PRODUCT_NAME:rfc1034identifier)";
				PRODUCT_NAME = "$(TARGET_NAME)";
				PROVISIONING_PROFILE = "";
			};
			name = Release;
		};
		414829C31B9FE66B000D0113 /* Debug */ = {
			isa = XCBuildConfiguration;
			buildSettings = {
				BUNDLE_LOADER = "$(TEST_HOST)";
				FRAMEWORK_SEARCH_PATHS = (
					"$(SDKROOT)/Developer/Library/Frameworks",
					"$(inherited)",
				);
				GCC_PREPROCESSOR_DEFINITIONS = (
					"DEBUG=1",
					"$(inherited)",
				);
				INFOPLIST_FILE = "Pierre Penguin Escapes the AntarcticTests/Info.plist";
				LD_RUNPATH_SEARCH_PATHS = "$(inherited) @executable_path/Frameworks @loader_path/Frameworks";
				PRODUCT_BUNDLE_IDENTIFIER = "me.pts.philipsmith.$(PRODUCT_NAME:rfc1034identifier)";
				PRODUCT_NAME = "$(TARGET_NAME)";
				TEST_HOST = "$(BUILT_PRODUCTS_DIR)/Pierre Penguin Escapes the Antarctic.app/Pierre Penguin Escapes the Antarctic";
			};
			name = Debug;
		};
		414829C41B9FE66B000D0113 /* Release */ = {
			isa = XCBuildConfiguration;
			buildSettings = {
				BUNDLE_LOADER = "$(TEST_HOST)";
				FRAMEWORK_SEARCH_PATHS = (
					"$(SDKROOT)/Developer/Library/Frameworks",
					"$(inherited)",
				);
				INFOPLIST_FILE = "Pierre Penguin Escapes the AntarcticTests/Info.plist";
				LD_RUNPATH_SEARCH_PATHS = "$(inherited) @executable_path/Frameworks @loader_path/Frameworks";
				PRODUCT_BUNDLE_IDENTIFIER = "me.pts.philipsmith.$(PRODUCT_NAME:rfc1034identifier)";
				PRODUCT_NAME = "$(TARGET_NAME)";
				TEST_HOST = "$(BUILT_PRODUCTS_DIR)/Pierre Penguin Escapes the Antarctic.app/Pierre Penguin Escapes the Antarctic";
			};
			name = Release;
		};
/* End XCBuildConfiguration section */

/* Begin XCConfigurationList section */
		414829971B9FE66B000D0113 /* Build configuration list for PBXProject "Pierre Penguin Escapes the Antarctic" */ = {
			isa = XCConfigurationList;
			buildConfigurations = (
				414829BD1B9FE66B000D0113 /* Debug */,
				414829BE1B9FE66B000D0113 /* Release */,
			);
			defaultConfigurationIsVisible = 0;
			defaultConfigurationName = Release;
		};
		414829BF1B9FE66B000D0113 /* Build configuration list for PBXNativeTarget "Pierre Penguin Escapes the Antarctic" */ = {
			isa = XCConfigurationList;
			buildConfigurations = (
				414829C01B9FE66B000D0113 /* Debug */,
				414829C11B9FE66B000D0113 /* Release */,
			);
			defaultConfigurationIsVisible = 0;
			defaultConfigurationName = Release;
		};
		414829C21B9FE66B000D0113 /* Build configuration list for PBXNativeTarget "Pierre Penguin Escapes the AntarcticTests" */ = {
			isa = XCConfigurationList;
			buildConfigurations = (
				414829C31B9FE66B000D0113 /* Debug */,
				414829C41B9FE66B000D0113 /* Release */,
			);
			defaultConfigurationIsVisible = 0;
			defaultConfigurationName = Release;
		};
/* End XCConfigurationList section */
	};
	rootObject = 414829941B9FE66B000D0113 /* Project object */;
}
